# This is a Gradle generated file for dependency locking.
# Manual edits can break the build and are not advised.
# This file is expected to be part of source control.
ch.qos.logback:logback-classic:1.2.11=compileClasspath
ch.qos.logback:logback-core:1.2.11=compileClasspath
com.fasterxml.jackson.core:jackson-annotations:2.13.3=compileClasspath
com.fasterxml.jackson.core:jackson-core:2.13.3=compileClasspath
com.fasterxml.jackson.core:jackson-databind:2.13.3=compileClasspath
com.fasterxml.jackson.datatype:jackson-datatype-jdk8:2.13.3=compileClasspath
com.fasterxml.jackson.datatype:jackson-datatype-jsr310:2.13.3=compileClasspath
com.fasterxml.jackson.module:jackson-module-kotlin:2.13.3=compileClasspath
com.fasterxml.jackson.module:jackson-module-parameter-names:2.13.3=compileClasspath
com.fasterxml.jackson:jackson-bom:2.13.3=compileClasspath
com.jayway.jsonpath:json-path:2.7.0=compileClasspath
io.micrometer:micrometer-core:1.9.0=compileClasspath
io.netty:netty-buffer:4.1.77.Final=compileClasspath
io.netty:netty-codec-dns:4.1.77.Final=compileClasspath
io.netty:netty-codec-http2:4.1.77.Final=compileClasspath
io.netty:netty-codec-http:4.1.77.Final=compileClasspath
io.netty:netty-codec-socks:4.1.77.Final=compileClasspath
io.netty:netty-codec:4.1.77.Final=compileClasspath
io.netty:netty-common:4.1.77.Final=compileClasspath
io.netty:netty-handler-proxy:4.1.77.Final=compileClasspath
io.netty:netty-handler:4.1.77.Final=compileClasspath
io.netty:netty-resolver-dns-classes-macos:4.1.77.Final=compileClasspath
io.netty:netty-resolver-dns-native-macos:4.1.77.Final=compileClasspath
io.netty:netty-resolver-dns:4.1.77.Final=compileClasspath
io.netty:netty-resolver:4.1.77.Final=compileClasspath
io.netty:netty-transport-classes-epoll:4.1.77.Final=compileClasspath
io.netty:netty-transport-native-epoll:4.1.77.Final=compileClasspath
io.netty:netty-transport-native-unix-common:4.1.77.Final=compileClasspath
io.netty:netty-transport:4.1.77.Final=compileClasspath
io.projectreactor.addons:reactor-pool:0.2.8=compileClasspath
io.projectreactor.kotlin:reactor-kotlin-extensions:1.1.6=compileClasspath
io.projectreactor.netty:reactor-netty-core:1.0.19=compileClasspath
io.projectreactor.netty:reactor-netty-http:1.0.19=compileClasspath
io.projectreactor:reactor-core:3.4.18=compileClasspath
io.r2dbc:r2dbc-pool:0.9.0.RELEASE=compileClasspath
io.r2dbc:r2dbc-spi:0.9.1.RELEASE=compileClasspath
jakarta.annotation:jakarta.annotation-api:1.3.5=compileClasspath
javax.activation:javax.activation-api:1.2.0=compileClasspath
javax.xml.bind:jaxb-api:2.3.1=compileClasspath
net.minidev:accessors-smart:2.4.8=compileClasspath
net.minidev:json-smart:2.4.8=compileClasspath
org.apache.logging.log4j:log4j-api:2.17.2=compileClasspath
org.apache.logging.log4j:log4j-to-slf4j:2.17.2=compileClasspath
org.hdrhistogram:HdrHistogram:2.1.12=compileClasspath
org.jetbrains.kotlin:kotlin-reflect:1.6.21=compileClasspath
org.jetbrains.kotlin:kotlin-stdlib-common:1.6.21=compileClasspath
org.jetbrains.kotlin:kotlin-stdlib-jdk7:1.6.21=compileClasspath
org.jetbrains.kotlin:kotlin-stdlib-jdk8:1.6.21=compileClasspath
org.jetbrains.kotlin:kotlin-stdlib:1.6.21=compileClasspath
org.jetbrains.kotlinx:kotlinx-coroutines-bom:1.6.1=compileClasspath
org.jetbrains.kotlinx:kotlinx-coroutines-core-jvm:1.6.1=compileClasspath
org.jetbrains.kotlinx:kotlinx-coroutines-core:1.6.1=compileClasspath
org.jetbrains.kotlinx:kotlinx-coroutines-reactive:1.6.1=compileClasspath
org.jetbrains.kotlinx:kotlinx-coroutines-reactor:1.6.1=compileClasspath
org.jetbrains:annotations:13.0=compileClasspath
org.liquibase:liquibase-core:4.9.1=compileClasspath
org.ow2.asm:asm:9.1=compileClasspath
org.reactivestreams:reactive-streams:1.0.3=compileClasspath
org.slf4j:jul-to-slf4j:1.7.36=compileClasspath
org.slf4j:slf4j-api:1.7.36=compileClasspath
org.springframework.boot:spring-boot-actuator-autoconfigure:2.7.0=compileClasspath
org.springframework.boot:spring-boot-actuator:2.7.0=compileClasspath
org.springframework.boot:spring-boot-autoconfigure:2.7.0=compileClasspath
org.springframework.boot:spring-boot-starter-actuator:2.7.0=compileClasspath
org.springframework.boot:spring-boot-starter-data-r2dbc:2.7.0=compileClasspath
org.springframework.boot:spring-boot-starter-hateoas:2.7.0=compileClasspath
org.springframework.boot:spring-boot-starter-json:2.7.0=compileClasspath
org.springframework.boot:spring-boot-starter-logging:2.7.0=compileClasspath
org.springframework.boot:spring-boot-starter-reactor-netty:2.7.0=compileClasspath
org.springframework.boot:spring-boot-starter-web:2.7.0=compileClasspath
org.springframework.boot:spring-boot-starter-webflux:2.7.0=compileClasspath
org.springframework.boot:spring-boot-starter:2.7.0=compileClasspath
org.springframework.boot:spring-boot:2.7.0=compileClasspath
org.springframework.data:spring-data-commons:2.7.0=compileClasspath
org.springframework.data:spring-data-r2dbc:1.5.0=compileClasspath
org.springframework.data:spring-data-relational:2.4.0=compileClasspath
org.springframework.hateoas:spring-hateoas:1.5.0=compileClasspath
org.springframework.plugin:spring-plugin-core:2.0.0.RELEASE=compileClasspath
org.springframework:spring-aop:5.3.20=compileClasspath
org.springframework:spring-beans:5.3.20=compileClasspath
org.springframework:spring-context:5.3.20=compileClasspath
org.springframework:spring-core:5.3.20=compileClasspath
org.springframework:spring-expression:5.3.20=compileClasspath
org.springframework:spring-jcl:5.3.20=compileClasspath
org.springframework:spring-jdbc:5.3.20=compileClasspath
org.springframework:spring-r2dbc:5.3.20=compileClasspath
org.springframework:spring-tx:5.3.20=compileClasspath
org.springframework:spring-web:5.3.20=compileClasspath
org.springframework:spring-webflux:5.3.20=compileClasspath
org.springframework:spring-webmvc:5.3.20=compileClasspath
org.yaml:snakeyaml:1.30=compileClasspath
empty=
